// !$*UTF8*$!
{
	archiveVersion = 1;
	classes = {
	};
	objectVersion = 48;
	objects = {

/* Begin PBXBuildFile section */
		BB84433D205E296B00E5B6BB /* AppDelegate.swift in Sources */ = {isa = PBXBuildFile; fileRef = BB84433C205E296B00E5B6BB /* AppDelegate.swift */; };
		BB84433F205E296B00E5B6BB /* ViewController.swift in Sources */ = {isa = PBXBuildFile; fileRef = BB84433E205E296B00E5B6BB /* ViewController.swift */; };
		BB844342205E296B00E5B6BB /* Main.storyboard in Resources */ = {isa = PBXBuildFile; fileRef = BB844340205E296B00E5B6BB /* Main.storyboard */; };
		BB844344205E296B00E5B6BB /* Assets.xcassets in Resources */ = {isa = PBXBuildFile; fileRef = BB844343205E296B00E5B6BB /* Assets.xcassets */; };
		BB844347205E296B00E5B6BB /* LaunchScreen.storyboard in Resources */ = {isa = PBXBuildFile; fileRef = BB844345205E296B00E5B6BB /* LaunchScreen.storyboard */; };
		BB844352205E296B00E5B6BB /* gitTestTests.swift in Sources */ = {isa = PBXBuildFile; fileRef = BB844351205E296B00E5B6BB /* gitTestTests.swift */; };
		BB84435D205E296B00E5B6BB /* gitTestUITests.swift in Sources */ = {isa = PBXBuildFile; fileRef = BB84435C205E296B00E5B6BB /* gitTestUITests.swift */; };
/* End PBXBuildFile section */

/* Begin PBXContainerItemProxy section */
		BB84434E205E296B00E5B6BB /* PBXContainerItemProxy */ = {
			isa = PBXContainerItemProxy;
			containerPortal = BB844331205E296B00E5B6BB /* Project object */;
			proxyType = 1;
			remoteGlobalIDString = BB844338205E296B00E5B6BB;
			remoteInfo = gitTest;
		};
		BB844359205E296B00E5B6BB /* PBXContainerItemProxy */ = {
			isa = PBXContainerItemProxy;
			containerPortal = BB844331205E296B00E5B6BB /* Project object */;
			proxyType = 1;
			remoteGlobalIDString = BB844338205E296B00E5B6BB;
			remoteInfo = gitTest;
		};
/* End PBXContainerItemProxy section */

/* Begin PBXFileReference section */
		BB844339205E296B00E5B6BB /* gitTest.app */ = {isa = PBXFileReference; explicitFileType = wrapper.application; includeInIndex = 0; path = gitTest.app; sourceTree = BUILT_PRODUCTS_DIR; };
		BB84433C205E296B00E5B6BB /* AppDelegate.swift */ = {isa = PBXFileReference; lastKnownFileType = sourcecode.swift; path = AppDelegate.swift; sourceTree = "<group>"; };
		BB84433E205E296B00E5B6BB /* ViewController.swift */ = {isa = PBXFileReference; lastKnownFileType = sourcecode.swift; path = ViewController.swift; sourceTree = "<group>"; };
		BB844341205E296B00E5B6BB /* Base */ = {isa = PBXFileReference; lastKnownFileType = file.storyboard; name = Base; path = Base.lproj/Main.storyboard; sourceTree = "<group>"; };
		BB844343205E296B00E5B6BB /* Assets.xcassets */ = {isa = PBXFileReference; lastKnownFileType = folder.assetcatalog; path = Assets.xcassets; sourceTree = "<group>"; };
		BB844346205E296B00E5B6BB /* Base */ = {isa = PBXFileReference; lastKnownFileType = file.storyboard; name = Base; path = Base.lproj/LaunchScreen.storyboard; sourceTree = "<group>"; };
		BB844348205E296B00E5B6BB /* Info.plist */ = {isa = PBXFileReference; lastKnownFileType = text.plist.xml; path = Info.plist; sourceTree = "<group>"; };
		BB84434D205E296B00E5B6BB /* gitTestTests.xctest */ = {isa = PBXFileReference; explicitFileType = wrapper.cfbundle; includeInIndex = 0; path = gitTestTests.xctest; sourceTree = BUILT_PRODUCTS_DIR; };
		BB844351205E296B00E5B6BB /* gitTestTests.swift */ = {isa = PBXFileReference; lastKnownFileType = sourcecode.swift; path = gitTestTests.swift; sourceTree = "<group>"; };
		BB844353205E296B00E5B6BB /* Info.plist */ = {isa = PBXFileReference; lastKnownFileType = text.plist.xml; path = Info.plist; sourceTree = "<group>"; };
		BB844358205E296B00E5B6BB /* gitTestUITests.xctest */ = {isa = PBXFileReference; explicitFileType = wrapper.cfbundle; includeInIndex = 0; path = gitTestUITests.xctest; sourceTree = BUILT_PRODUCTS_DIR; };
		BB84435C205E296B00E5B6BB /* gitTestUITests.swift */ = {isa = PBXFileReference; lastKnownFileType = sourcecode.swift; path = gitTestUITests.swift; sourceTree = "<group>"; };
		BB84435E205E296B00E5B6BB /* Info.plist */ = {isa = PBXFileReference; lastKnownFileType = text.plist.xml; path = Info.plist; sourceTree = "<group>"; };
/* End PBXFileReference section */

/* Begin PBXFrameworksBuildPhase section */
		BB844336205E296B00E5B6BB /* Frameworks */ = {
			isa = PBXFrameworksBuildPhase;
			buildActionMask = 2147483647;
			files = (
			);
			runOnlyForDeploymentPostprocessing = 0;
		};
		BB84434A205E296B00E5B6BB /* Frameworks */ = {
			isa = PBXFrameworksBuildPhase;
			buildActionMask = 2147483647;
			files = (
			);
			runOnlyForDeploymentPostprocessing = 0;
		};
		BB844355205E296B00E5B6BB /* Frameworks */ = {
			isa = PBXFrameworksBuildPhase;
			buildActionMask = 2147483647;
			files = (
			);
			runOnlyForDeploymentPostprocessing = 0;
		};
/* End PBXFrameworksBuildPhase section */

/* Begin PBXGroup section */
		BB844330205E296B00E5B6BB = {
			isa = PBXGroup;
			children = (
				BB84433B205E296B00E5B6BB /* gitTest */,
				BB844350205E296B00E5B6BB /* gitTestTests */,
				BB84435B205E296B00E5B6BB /* gitTestUITests */,
				BB84433A205E296B00E5B6BB /* Products */,
			);
			sourceTree = "<group>";
		};
		BB84433A205E296B00E5B6BB /* Products */ = {
			isa = PBXGroup;
			children = (
				BB844339205E296B00E5B6BB /* gitTest.app */,
				BB84434D205E296B00E5B6BB /* gitTestTests.xctest */,
				BB844358205E296B00E5B6BB /* gitTestUITests.xctest */,
			);
			name = Products;
			sourceTree = "<group>";
		};
		BB84433B205E296B00E5B6BB /* gitTest */ = {
			isa = PBXGroup;
			children = (
				BB84433C205E296B00E5B6BB /* AppDelegate.swift */,
				BB84433E205E296B00E5B6BB /* ViewController.swift */,
				BB844340205E296B00E5B6BB /* Main.storyboard */,
				BB844343205E296B00E5B6BB /* Assets.xcassets */,
				BB844345205E296B00E5B6BB /* LaunchScreen.storyboard */,
				BB844348205E296B00E5B6BB /* Info.plist */,
			);
			path = gitTest;
			sourceTree = "<group>";
		};
		BB844350205E296B00E5B6BB /* gitTestTests */ = {
			isa = PBXGroup;
			children = (
				BB844351205E296B00E5B6BB /* gitTestTests.swift */,
				BB844353205E296B00E5B6BB /* Info.plist */,
			);
			path = gitTestTests;
			sourceTree = "<group>";
		};
		BB84435B205E296B00E5B6BB /* gitTestUITests */ = {
			isa = PBXGroup;
			children = (
				BB84435C205E296B00E5B6BB /* gitTestUITests.swift */,
				BB84435E205E296B00E5B6BB /* Info.plist */,
			);
			path = gitTestUITests;
			sourceTree = "<group>";
		};
/* End PBXGroup section */

/* Begin PBXNativeTarget section */
		BB844338205E296B00E5B6BB /* gitTest */ = {
			isa = PBXNativeTarget;
			buildConfigurationList = BB844361205E296B00E5B6BB /* Build configuration list for PBXNativeTarget "gitTest" */;
			buildPhases = (
				BB844335205E296B00E5B6BB /* Sources */,
				BB844336205E296B00E5B6BB /* Frameworks */,
				BB844337205E296B00E5B6BB /* Resources */,
			);
			buildRules = (
			);
			dependencies = (
			);
			name = gitTest;
			productName = gitTest;
			productReference = BB844339205E296B00E5B6BB /* gitTest.app */;
			productType = "com.apple.product-type.application";
		};
		BB84434C205E296B00E5B6BB /* gitTestTests */ = {
			isa = PBXNativeTarget;
			buildConfigurationList = BB844364205E296B00E5B6BB /* Build configuration list for PBXNativeTarget "gitTestTests" */;
			buildPhases = (
				BB844349205E296B00E5B6BB /* Sources */,
				BB84434A205E296B00E5B6BB /* Frameworks */,
				BB84434B205E296B00E5B6BB /* Resources */,
			);
			buildRules = (
			);
			dependencies = (
				BB84434F205E296B00E5B6BB /* PBXTargetDependency */,
			);
			name = gitTestTests;
			productName = gitTestTests;
			productReference = BB84434D205E296B00E5B6BB /* gitTestTests.xctest */;
			productType = "com.apple.product-type.bundle.unit-test";
		};
		BB844357205E296B00E5B6BB /* gitTestUITests */ = {
			isa = PBXNativeTarget;
			buildConfigurationList = BB844367205E296B00E5B6BB /* Build configuration list for PBXNativeTarget "gitTestUITests" */;
			buildPhases = (
				BB844354205E296B00E5B6BB /* Sources */,
				BB844355205E296B00E5B6BB /* Frameworks */,
				BB844356205E296B00E5B6BB /* Resources */,
			);
			buildRules = (
			);
			dependencies = (
				BB84435A205E296B00E5B6BB /* PBXTargetDependency */,
			);
			name = gitTestUITests;
			productName = gitTestUITests;
			productReference = BB844358205E296B00E5B6BB /* gitTestUITests.xctest */;
			productType = "com.apple.product-type.bundle.ui-testing";
		};
/* End PBXNativeTarget section */

/* Begin PBXProject section */
		BB844331205E296B00E5B6BB /* Project object */ = {
			isa = PBXProject;
			attributes = {
				LastSwiftUpdateCheck = 0920;
				LastUpgradeCheck = 0920;
				ORGANIZATIONNAME = Alfred;
				TargetAttributes = {
					BB844338205E296B00E5B6BB = {
						CreatedOnToolsVersion = 9.2;
						ProvisioningStyle = Automatic;
					};
					BB84434C205E296B00E5B6BB = {
						CreatedOnToolsVersion = 9.2;
						ProvisioningStyle = Automatic;
						TestTargetID = BB844338205E296B00E5B6BB;
					};
					BB844357205E296B00E5B6BB = {
						CreatedOnToolsVersion = 9.2;
						ProvisioningStyle = Automatic;
						TestTargetID = BB844338205E296B00E5B6BB;
					};
				};
			};
			buildConfigurationList = BB844334205E296B00E5B6BB /* Build configuration list for PBXProject "gitTest" */;
			compatibilityVersion = "Xcode 8.0";
			developmentRegion = en;
			hasScannedForEncodings = 0;
			knownRegions = (
				en,
				Base,
			);
			mainGroup = BB844330205E296B00E5B6BB;
			productRefGroup = BB84433A205E296B00E5B6BB /* Products */;
			projectDirPath = "";
			projectRoot = "";
			targets = (
				BB844338205E296B00E5B6BB /* gitTest */,
				BB84434C205E296B00E5B6BB /* gitTestTests */,
				BB844357205E296B00E5B6BB /* gitTestUITests */,
			);
		};
/* End PBXProject section */

/* Begin PBXResourcesBuildPhase section */
		BB844337205E296B00E5B6BB /* Resources */ = {
			isa = PBXResourcesBuildPhase;
			buildActionMask = 2147483647;
			files = (
				BB844347205E296B00E5B6BB /* LaunchScreen.storyboard in Resources */,
				BB844344205E296B00E5B6BB /* Assets.xcassets in Resources */,
				BB844342205E296B00E5B6BB /* Main.storyboard in Resources */,
			);
			runOnlyForDeploymentPostprocessing = 0;
		};
		BB84434B205E296B00E5B6BB /* Resources */ = {
			isa = PBXResourcesBuildPhase;
			buildActionMask = 2147483647;
			files = (
			);
			runOnlyForDeploymentPostprocessing = 0;
		};
		BB844356205E296B00E5B6BB /* Resources */ = {
			isa = PBXResourcesBuildPhase;
			buildActionMask = 2147483647;
			files = (
			);
			runOnlyForDeploymentPostprocessing = 0;
		};
/* End PBXResourcesBuildPhase section */

/* Begin PBXSourcesBuildPhase section */
		BB844335205E296B00E5B6BB /* Sources */ = {
			isa = PBXSourcesBuildPhase;
			buildActionMask = 2147483647;
			files = (
				BB84433F205E296B00E5B6BB /* ViewController.swift in Sources */,
				BB84433D205E296B00E5B6BB /* AppDelegate.swift in Sources */,
			);
			runOnlyForDeploymentPostprocessing = 0;
		};
		BB844349205E296B00E5B6BB /* Sources */ = {
			isa = PBXSourcesBuildPhase;
			buildActionMask = 2147483647;
			files = (
				BB844352205E296B00E5B6BB /* gitTestTests.swift in Sources */,
			);
			runOnlyForDeploymentPostprocessing = 0;
		};
		BB844354205E296B00E5B6BB /* Sources */ = {
			isa = PBXSourcesBuildPhase;
			buildActionMask = 2147483647;
			files = (
				BB84435D205E296B00E5B6BB /* gitTestUITests.swift in Sources */,
			);
			runOnlyForDeploymentPostprocessing = 0;
		};
/* End PBXSourcesBuildPhase section */

/* Begin PBXTargetDependency section */
		BB84434F205E296B00E5B6BB /* PBXTargetDependency */ = {
			isa = PBXTargetDependency;
			target = BB844338205E296B00E5B6BB /* gitTest */;
			targetProxy = BB84434E205E296B00E5B6BB /* PBXContainerItemProxy */;
		};
		BB84435A205E296B00E5B6BB /* PBXTargetDependency */ = {
			isa = PBXTargetDependency;
			target = BB844338205E296B00E5B6BB /* gitTest */;
			targetProxy = BB844359205E296B00E5B6BB /* PBXContainerItemProxy */;
		};
/* End PBXTargetDependency section */

/* Begin PBXVariantGroup section */
		BB844340205E296B00E5B6BB /* Main.storyboard */ = {
			isa = PBXVariantGroup;
			children = (
				BB844341205E296B00E5B6BB /* Base */,
			);
			name = Main.storyboard;
			sourceTree = "<group>";
		};
		BB844345205E296B00E5B6BB /* LaunchScreen.storyboard */ = {
			isa = PBXVariantGroup;
			children = (
				BB844346205E296B00E5B6BB /* Base */,
			);
			name = LaunchScreen.storyboard;
			sourceTree = "<group>";
		};
/* End PBXVariantGroup section */

/* Begin XCBuildConfiguration section */
		BB84435F205E296B00E5B6BB /* Debug */ = {
			isa = XCBuildConfiguration;
			buildSettings = {
				ALWAYS_SEARCH_USER_PATHS = NO;
				CLANG_ANALYZER_NONNULL = YES;
				CLANG_ANALYZER_NUMBER_OBJECT_CONVERSION = YES_AGGRESSIVE;
				CLANG_CXX_LANGUAGE_STANDARD = "gnu++14";
				CLANG_CXX_LIBRARY = "libc++";
				CLANG_ENABLE_MODULES = YES;
				CLANG_ENABLE_OBJC_ARC = YES;
				CLANG_WARN_BLOCK_CAPTURE_AUTORELEASING = YES;
				CLANG_WARN_BOOL_CONVERSION = YES;
				CLANG_WARN_COMMA = YES;
				CLANG_WARN_CONSTANT_CONVERSION = YES;
				CLANG_WARN_DIRECT_OBJC_ISA_USAGE = YES_ERROR;
				CLANG_WARN_DOCUMENTATION_COMMENTS = YES;
				CLANG_WARN_EMPTY_BODY = YES;
				CLANG_WARN_ENUM_CONVERSION = YES;
				CLANG_WARN_INFINITE_RECURSION = YES;
				CLANG_WARN_INT_CONVERSION = YES;
				CLANG_WARN_NON_LITERAL_NULL_CONVERSION = YES;
				CLANG_WARN_OBJC_LITERAL_CONVERSION = YES;
				CLANG_WARN_OBJC_ROOT_CLASS = YES_ERROR;
				CLANG_WARN_RANGE_LOOP_ANALYSIS = YES;
				CLANG_WARN_STRICT_PROTOTYPES = YES;
				CLANG_WARN_SUSPICIOUS_MOVE = YES;
				CLANG_WARN_UNGUARDED_AVAILABILITY = YES_AGGRESSIVE;
				CLANG_WARN_UNREACHABLE_CODE = YES;
				CLANG_WARN__DUPLICATE_METHOD_MATCH = YES;
				CODE_SIGN_IDENTITY = "iPhone Developer";
				COPY_PHASE_STRIP = NO;
				DEBUG_INFORMATION_FORMAT = dwarf;
				ENABLE_STRICT_OBJC_MSGSEND = YES;
				ENABLE_TESTABILITY = YES;
				GCC_C_LANGUAGE_STANDARD = gnu11;
				GCC_DYNAMIC_NO_PIC = NO;
				GCC_NO_COMMON_BLOCKS = YES;
				GCC_OPTIMIZATION_LEVEL = 0;
				GCC_PREPROCESSOR_DEFINITIONS = (
					"DEBUG=1",
					"$(inherited)",
				);
				GCC_WARN_64_TO_32_BIT_CONVERSION = YES;
				GCC_WARN_ABOUT_RETURN_TYPE = YES_ERROR;
				GCC_WARN_UNDECLARED_SELECTOR = YES;
				GCC_WARN_UNINITIALIZED_AUTOS = YES_AGGRESSIVE;
				GCC_WARN_UNUSED_FUNCTION = YES;
				GCC_WARN_UNUSED_VARIABLE = YES;
				IPHONEOS_DEPLOYMENT_TARGET = 11.2;
				MTL_ENABLE_DEBUG_INFO = YES;
				ONLY_ACTIVE_ARCH = YES;
				SDKROOT = iphoneos;
				SWIFT_ACTIVE_COMPILATION_CONDITIONS = DEBUG;
				SWIFT_OPTIMIZATION_LEVEL = "-Onone";
			};
			name = Debug;
		};
		BB844360205E296B00E5B6BB /* Release */ = {
			isa = XCBuildConfiguration;
			buildSettings = {
				ALWAYS_SEARCH_USER_PATHS = NO;
				CLANG_ANALYZER_NONNULL = YES;
				CLANG_ANALYZER_NUMBER_OBJECT_CONVERSION = YES_AGGRESSIVE;
				CLANG_CXX_LANGUAGE_STANDARD = "gnu++14";
				CLANG_CXX_LIBRARY = "libc++";
				CLANG_ENABLE_MODULES = YES;
				CLANG_ENABLE_OBJC_ARC = YES;
				CLANG_WARN_BLOCK_CAPTURE_AUTORELEASING = YES;
				CLANG_WARN_BOOL_CONVERSION = YES;
				CLANG_WARN_COMMA = YES;
				CLANG_WARN_CONSTANT_CONVERSION = YES;
				CLANG_WARN_DIRECT_OBJC_ISA_USAGE = YES_ERROR;
				CLANG_WARN_DOCUMENTATION_COMMENTS = YES;
				CLANG_WARN_EMPTY_BODY = YES;
				CLANG_WARN_ENUM_CONVERSION = YES;
				CLANG_WARN_INFINITE_RECURSION = YES;
				CLANG_WARN_INT_CONVERSION = YES;
				CLANG_WARN_NON_LITERAL_NULL_CONVERSION = YES;
				CLANG_WARN_OBJC_LITERAL_CONVERSION = YES;
				CLANG_WARN_OBJC_ROOT_CLASS = YES_ERROR;
				CLANG_WARN_RANGE_LOOP_ANALYSIS = YES;
				CLANG_WARN_STRICT_PROTOTYPES = YES;
				CLANG_WARN_SUSPICIOUS_MOVE = YES;
				CLANG_WARN_UNGUARDED_AVAILABILITY = YES_AGGRESSIVE;
				CLANG_WARN_UNREACHABLE_CODE = YES;
				CLANG_WARN__DUPLICATE_METHOD_MATCH = YES;
				CODE_SIGN_IDENTITY = "iPhone Developer";
				COPY_PHASE_STRIP = NO;
				DEBUG_INFORMATION_FORMAT = "dwarf-with-dsym";
				ENABLE_NS_ASSERTIONS = NO;
				ENABLE_STRICT_OBJC_MSGSEND = YES;
				GCC_C_LANGUAGE_STANDARD = gnu11;
				GCC_NO_COMMON_BLOCKS = YES;
				GCC_WARN_64_TO_32_BIT_CONVERSION = YES;
				GCC_WARN_ABOUT_RETURN_TYPE = YES_ERROR;
				GCC_WARN_UNDECLARED_SELECTOR = YES;
				GCC_WARN_UNINITIALIZED_AUTOS = YES_AGGRESSIVE;
				GCC_WARN_UNUSED_FUNCTION = YES;
				GCC_WARN_UNUSED_VARIABLE = YES;
				IPHONEOS_DEPLOYMENT_TARGET = 11.2;
				MTL_ENABLE_DEBUG_INFO = NO;
				SDKROOT = iphoneos;
				SWIFT_OPTIMIZATION_LEVEL = "-Owholemodule";
				VALIDATE_PRODUCT = YES;
			};
			name = Release;
		};
		BB844362205E296B00E5B6BB /* Debug */ = {
			isa = XCBuildConfiguration;
			buildSettings = {
				ASSETCATALOG_COMPILER_APPICON_NAME = AppIcon;
				CODE_SIGN_STYLE = Automatic;
				INFOPLIST_FILE = gitTest/Info.plist;
				LD_RUNPATH_SEARCH_PATHS = "$(inherited) @executable_path/Frameworks";
				PRODUCT_BUNDLE_IDENTIFIER = aaaaa.gitTest;
				PRODUCT_NAME = "$(TARGET_NAME)";
				SWIFT_VERSION = 4.0;
				TARGETED_DEVICE_FAMILY = "1,2";
			};
			name = Debug;
		};
		BB844363205E296B00E5B6BB /* Release */ = {
			isa = XCBuildConfiguration;
			buildSettings = {
				ASSETCATALOG_COMPILER_APPICON_NAME = AppIcon;
				CODE_SIGN_STYLE = Automatic;
				INFOPLIST_FILE = gitTest/Info.plist;
				LD_RUNPATH_SEARCH_PATHS = "$(inherited) @executable_path/Frameworks";
				PRODUCT_BUNDLE_IDENTIFIER = aaaaa.gitTest;
				PRODUCT_NAME = "$(TARGET_NAME)";
				SWIFT_VERSION = 4.0;
				TARGETED_DEVICE_FAMILY = "1,2";
			};
			name = Release;
		};
		BB844365205E296B00E5B6BB /* Debug */ = {
			isa = XCBuildConfiguration;
			buildSettings = {
				ALWAYS_EMBED_SWIFT_STANDARD_LIBRARIES = YES;
				BUNDLE_LOADER = "$(TEST_HOST)";
				CODE_SIGN_STYLE = Automatic;
				INFOPLIST_FILE = gitTestTests/Info.plist;
				LD_RUNPATH_SEARCH_PATHS = "$(inherited) @executable_path/Frameworks @loader_path/Frameworks";
				PRODUCT_BUNDLE_IDENTIFIER = aaaaa.gitTestTests;
				PRODUCT_NAME = "$(TARGET_NAME)";
				SWIFT_VERSION = 4.0;
				TARGETED_DEVICE_FAMILY = "1,2";
				TEST_HOST = "$(BUILT_PRODUCTS_DIR)/gitTest.app/gitTest";
			};
			name = Debug;
		};
		BB844366205E296B00E5B6BB /* Release */ = {
			isa = XCBuildConfiguration;
			buildSettings = {
				ALWAYS_EMBED_SWIFT_STANDARD_LIBRARIES = YES;
				BUNDLE_LOADER = "$(TEST_HOST)";
				CODE_SIGN_STYLE = Automatic;
				INFOPLIST_FILE = gitTestTests/Info.plist;
				LD_RUNPATH_SEARCH_PATHS = "$(inherited) @executable_path/Frameworks @loader_path/Frameworks";
				PRODUCT_BUNDLE_IDENTIFIER = aaaaa.gitTestTests;
				PRODUCT_NAME = "$(TARGET_NAME)";
				SWIFT_VERSION = 4.0;
				TARGETED_DEVICE_FAMILY = "1,2";
				TEST_HOST = "$(BUILT_PRODUCTS_DIR)/gitTest.app/gitTest";
			};
			name = Release;
		};
		BB844368205E296B00E5B6BB /* Debug */ = {
			isa = XCBuildConfiguration;
			buildSettings = {
				ALWAYS_EMBED_SWIFT_STANDARD_LIBRARIES = YES;
				CODE_SIGN_STYLE = Automatic;
				INFOPLIST_FILE = gitTestUITests/Info.plist;
				LD_RUNPATH_SEARCH_PATHS = "$(inherited) @executable_path/Frameworks @loader_path/Frameworks";
				PRODUCT_BUNDLE_IDENTIFIER = aaaaa.gitTestUITests;
				PRODUCT_NAME = "$(TARGET_NAME)";
				SWIFT_VERSION = 4.0;
				TARGETED_DEVICE_FAMILY = "1,2";
				TEST_TARGET_NAME = gitTest;
			};
			name = Debug;
		};
		BB844369205E296B00E5B6BB /* Release */ = {
			isa = XCBuildConfiguration;
			buildSettings = {
				ALWAYS_EMBED_SWIFT_STANDARD_LIBRARIES = YES;
				CODE_SIGN_STYLE = Automatic;
				INFOPLIST_FILE = gitTestUITests/Info.plist;
				LD_RUNPATH_SEARCH_PATHS = "$(inherited) @executable_path/Frameworks @loader_path/Frameworks";
				PRODUCT_BUNDLE_IDENTIFIER = aaaaa.gitTestUITests;
				PRODUCT_NAME = "$(TARGET_NAME)";
				SWIFT_VERSION = 4.0;
				TARGETED_DEVICE_FAMILY = "1,2";
				TEST_TARGET_NAME = gitTest;
			};
			name = Release;
		};
/* End XCBuildConfiguration section */

/* Begin XCConfigurationList section */
		BB844334205E296B00E5B6BB /* Build configuration list for PBXProject "gitTest" */ = {
			isa = XCConfigurationList;
			buildConfigurations = (
				BB84435F205E296B00E5B6BB /* Debug */,
				BB844360205E296B00E5B6BB /* Release */,
			);
			defaultConfigurationIsVisible = 0;
			defaultConfigurationName = Release;
		};
		BB844361205E296B00E5B6BB /* Build configuration list for PBXNativeTarget "gitTest" */ = {
			isa = XCConfigurationList;
			buildConfigurations = (
				BB844362205E296B00E5B6BB /* Debug */,
				BB844363205E296B00E5B6BB /* Release */,
			);
			defaultConfigurationIsVisible = 0;
			defaultConfigurationName = Release;
		};
		BB844364205E296B00E5B6BB /* Build configuration list for PBXNativeTarget "gitTestTests" */ = {
			isa = XCConfigurationList;
			buildConfigurations = (
				BB844365205E296B00E5B6BB /* Debug */,
				BB844366205E296B00E5B6BB /* Release */,
			);
			defaultConfigurationIsVisible = 0;
			defaultConfigurationName = Release;
		};
		BB844367205E296B00E5B6BB /* Build configuration list for PBXNativeTarget "gitTestUITests" */ = {
			isa = XCConfigurationList;
			buildConfigurations = (
				BB844368205E296B00E5B6BB /* Debug */,
				BB844369205E296B00E5B6BB /* Release */,
			);
			defaultConfigurationIsVisible = 0;
			defaultConfigurationName = Release;
		};
/* End XCConfigurationList section */
	};
	rootObject = BB844331205E296B00E5B6BB /* Project object */;
}
